
Microsoft Visual Studio Solution File, Format Version 12.00
# Visual Studio 14
VisualStudioVersion = 14.0.25420.1
MinimumVisualStudioVersion = 10.0.40219.1
Project("{FAE04EC0-301F-11D3-BF4B-00C04F79EFBC}") = "SpParser", "SpParser\SpParser.csproj", "{8B12A6BF-1BC5-4D06-95C3-7860A4BA36FE}"
EndProject
Global
	GlobalSection(SolutionConfigurationPlatforms) = preSolution
		Debug|Any CPU = Debug|Any CPU
		Release|Any CPU = Release|Any CPU
	EndGlobalSection
	GlobalSection(ProjectConfigurationPlatforms) = postSolution
		{8B12A6BF-1BC5-4D06-95C3-7860A4BA36FE}.Debug|Any CPU.ActiveCfg = Debug|Any CPU
		{8B12A6BF-1BC5-4D06-95C3-7860A4BA36FE}.Debug|Any CPU.Build.0 = Debug|Any CPU
		{8B12A6BF-1BC5-4D06-95C3-7860A4BA36FE}.Release|Any CPU.ActiveCfg = Release|Any CPU
		{8B12A6BF-1BC5-4D06-95C3-7860A4BA36FE}.Release|Any CPU.Build.0 = Release|Any CPU
	EndGlobalSection
	GlobalSection(SolutionProperties) = preSolution
		HideSolutionNode = FALSE
	EndGlobalSection
EndGlobal
